
Microsoft Visual Studio Solution File, Format Version 12.00
# Visual Studio 15
VisualStudioVersion = 15.0.28307.1259
MinimumVisualStudioVersion = 10.0.40219.1
Project("{9A19103F-16F7-4668-BE54-9A1E7A4F7556}") = "EmployeeAPI", "..\..\..\Documents\EmployeeAPI\EmployeeAPI.csproj", "{0729F609-BC00-48A4-BF3F-A2ACAA5862DA}"
EndProject
Global
	GlobalSection(SolutionConfigurationPlatforms) = preSolution
		Debug|Any CPU = Debug|Any CPU
		Release|Any CPU = Release|Any CPU
	EndGlobalSection
	GlobalSection(ProjectConfigurationPlatforms) = postSolution
		{0729F609-BC00-48A4-BF3F-A2ACAA5862DA}.Debug|Any CPU.ActiveCfg = Debug|Any CPU
		{0729F609-BC00-48A4-BF3F-A2ACAA5862DA}.Debug|Any CPU.Build.0 = Debug|Any CPU
		{0729F609-BC00-48A4-BF3F-A2ACAA5862DA}.Release|Any CPU.ActiveCfg = Release|Any CPU
		{0729F609-BC00-48A4-BF3F-A2ACAA5862DA}.Release|Any CPU.Build.0 = Release|Any CPU
	EndGlobalSection
	GlobalSection(SolutionProperties) = preSolution
		HideSolutionNode = FALSE
	EndGlobalSection
	GlobalSection(ExtensibilityGlobals) = postSolution
		SolutionGuid = {A4DA2D23-7706-490C-9428-57318C1B0986}
	EndGlobalSection
EndGlobal
